
Microsoft Visual Studio Solution File, Format Version 12.00
# Visual Studio Version 17
VisualStudioVersion = 17.0.31919.166
MinimumVisualStudioVersion = 10.0.40219.1
Project("{9A19103F-16F7-4668-BE54-9A1E7A4F7556}") = "hvn-project", "hvn-project.csproj", "{2582AEC0-DFBF-434D-B05D-7D6FB19DE94F}"
EndProject
Project("{FAE04EC0-301F-11D3-BF4B-00C04F79EFBC}") = "hvn-project-tests", "..\hvn-project-tests\hvn-project-tests.csproj", "{BB54D8C9-ABAB-49C3-9567-FC9040C402D4}"
EndProject
Global
	GlobalSection(SolutionConfigurationPlatforms) = preSolution
		Debug|Any CPU = Debug|Any CPU
		Release|Any CPU = Release|Any CPU
	EndGlobalSection
	GlobalSection(ProjectConfigurationPlatforms) = postSolution
		{2582AEC0-DFBF-434D-B05D-7D6FB19DE94F}.Debug|Any CPU.ActiveCfg = Debug|Any CPU
		{2582AEC0-DFBF-434D-B05D-7D6FB19DE94F}.Debug|Any CPU.Build.0 = Debug|Any CPU
		{2582AEC0-DFBF-434D-B05D-7D6FB19DE94F}.Release|Any CPU.ActiveCfg = Release|Any CPU
		{2582AEC0-DFBF-434D-B05D-7D6FB19DE94F}.Release|Any CPU.Build.0 = Release|Any CPU
		{BB54D8C9-ABAB-49C3-9567-FC9040C402D4}.Debug|Any CPU.ActiveCfg = Debug|Any CPU
		{BB54D8C9-ABAB-49C3-9567-FC9040C402D4}.Debug|Any CPU.Build.0 = Debug|Any CPU
		{BB54D8C9-ABAB-49C3-9567-FC9040C402D4}.Release|Any CPU.ActiveCfg = Release|Any CPU
		{BB54D8C9-ABAB-49C3-9567-FC9040C402D4}.Release|Any CPU.Build.0 = Release|Any CPU
	EndGlobalSection
	GlobalSection(SolutionProperties) = preSolution
		HideSolutionNode = FALSE
	EndGlobalSection
	GlobalSection(ExtensibilityGlobals) = postSolution
		SolutionGuid = {44C25DC2-D48F-4B4A-8800-7F4F6C280B5B}
	EndGlobalSection
EndGlobal
